
Microsoft Visual Studio Solution File, Format Version 12.00
# Visual Studio 15
VisualStudioVersion = 15.0.35706.147
MinimumVisualStudioVersion = 10.0.40219.1
Project("{FAE04EC0-301F-11D3-BF4B-00C04F79EFBC}") = "Case_YazdirmaKomutlari", "Case_MainSubjects\Case_YazdirmaKomutlari.csproj", "{B109D2AA-2541-43FE-B2AA-A96039DAA5E0}"
EndProject
Project("{FAE04EC0-301F-11D3-BF4B-00C04F79EFBC}") = "Case_Degiskenler", "Case_Degiskenler\Case_Degiskenler.csproj", "{A7347D3A-7F60-4EDA-9839-598E52CAF317}"
EndProject
Project("{FAE04EC0-301F-11D3-BF4B-00C04F79EFBC}") = "Case_IntDegiskenler", "Case_IntDegiskenler\Case_IntDegiskenler.csproj", "{60227DA2-7C30-474D-891E-053C475ECEAF}"
EndProject
Project("{FAE04EC0-301F-11D3-BF4B-00C04F79EFBC}") = "Case_Double", "Case_Double\Case_Double.csproj", "{9252E53B-F7C2-482A-9874-36278C511686}"
EndProject
Project("{FAE04EC0-301F-11D3-BF4B-00C04F79EFBC}") = "Case_Char", "Case_Char\Case_Char.csproj", "{BDEC1E66-9040-44F3-BDA8-68413BE54CE9}"
EndProject
Project("{FAE04EC0-301F-11D3-BF4B-00C04F79EFBC}") = "Case_KlavyedenVeriGirisleriString", "Case_KlavyedenVeriGirisleri\Case_KlavyedenVeriGirisleriString.csproj", "{486462C0-B389-4546-824C-FC7828578A7A}"
EndProject
Project("{FAE04EC0-301F-11D3-BF4B-00C04F79EFBC}") = "Case_KlavyedenTamSayiGirisleriVeDonusumler", "Case_KlavyedenTamSayiGirisleriVeDonusumler\Case_KlavyedenTamSayiGirisleriVeDonusumler.csproj", "{55F24796-A6F1-4525-B1EE-D6FF20643588}"
EndProject
Project("{FAE04EC0-301F-11D3-BF4B-00C04F79EFBC}") = "Case_KlavyedenOndalikliSayiGirisi", "Case_KlavyedenOndalikliSayiGirisi\Case_KlavyedenOndalikliSayiGirisi.csproj", "{67537CAA-E524-4AF5-A611-D8E440CBB956}"
EndProject
Project("{FAE04EC0-301F-11D3-BF4B-00C04F79EFBC}") = "Case_KlavyedenKarakterGirisleri", "Case_KlavyedenKarakterGirisleri\Case_KlavyedenKarakterGirisleri.csproj", "{C4612C3E-5149-4C60-AF08-07646F664CC8}"
EndProject
Global
	GlobalSection(SolutionConfigurationPlatforms) = preSolution
		Debug|Any CPU = Debug|Any CPU
		Release|Any CPU = Release|Any CPU
	EndGlobalSection
	GlobalSection(ProjectConfigurationPlatforms) = postSolution
		{B109D2AA-2541-43FE-B2AA-A96039DAA5E0}.Debug|Any CPU.ActiveCfg = Debug|Any CPU
		{B109D2AA-2541-43FE-B2AA-A96039DAA5E0}.Debug|Any CPU.Build.0 = Debug|Any CPU
		{B109D2AA-2541-43FE-B2AA-A96039DAA5E0}.Release|Any CPU.ActiveCfg = Release|Any CPU
		{B109D2AA-2541-43FE-B2AA-A96039DAA5E0}.Release|Any CPU.Build.0 = Release|Any CPU
		{A7347D3A-7F60-4EDA-9839-598E52CAF317}.Debug|Any CPU.ActiveCfg = Debug|Any CPU
		{A7347D3A-7F60-4EDA-9839-598E52CAF317}.Debug|Any CPU.Build.0 = Debug|Any CPU
		{A7347D3A-7F60-4EDA-9839-598E52CAF317}.Release|Any CPU.ActiveCfg = Release|Any CPU
		{A7347D3A-7F60-4EDA-9839-598E52CAF317}.Release|Any CPU.Build.0 = Release|Any CPU
		{60227DA2-7C30-474D-891E-053C475ECEAF}.Debug|Any CPU.ActiveCfg = Debug|Any CPU
		{60227DA2-7C30-474D-891E-053C475ECEAF}.Debug|Any CPU.Build.0 = Debug|Any CPU
		{60227DA2-7C30-474D-891E-053C475ECEAF}.Release|Any CPU.ActiveCfg = Release|Any CPU
		{60227DA2-7C30-474D-891E-053C475ECEAF}.Release|Any CPU.Build.0 = Release|Any CPU
		{9252E53B-F7C2-482A-9874-36278C511686}.Debug|Any CPU.ActiveCfg = Debug|Any CPU
		{9252E53B-F7C2-482A-9874-36278C511686}.Debug|Any CPU.Build.0 = Debug|Any CPU
		{9252E53B-F7C2-482A-9874-36278C511686}.Release|Any CPU.ActiveCfg = Release|Any CPU
		{9252E53B-F7C2-482A-9874-36278C511686}.Release|Any CPU.Build.0 = Release|Any CPU
		{BDEC1E66-9040-44F3-BDA8-68413BE54CE9}.Debug|Any CPU.ActiveCfg = Debug|Any CPU
		{BDEC1E66-9040-44F3-BDA8-68413BE54CE9}.Debug|Any CPU.Build.0 = Debug|Any CPU
		{BDEC1E66-9040-44F3-BDA8-68413BE54CE9}.Release|Any CPU.ActiveCfg = Release|Any CPU
		{BDEC1E66-9040-44F3-BDA8-68413BE54CE9}.Release|Any CPU.Build.0 = Release|Any CPU
		{486462C0-B389-4546-824C-FC7828578A7A}.Debug|Any CPU.ActiveCfg = Debug|Any CPU
		{486462C0-B389-4546-824C-FC7828578A7A}.Debug|Any CPU.Build.0 = Debug|Any CPU
		{486462C0-B389-4546-824C-FC7828578A7A}.Release|Any CPU.ActiveCfg = Release|Any CPU
		{486462C0-B389-4546-824C-FC7828578A7A}.Release|Any CPU.Build.0 = Release|Any CPU
		{55F24796-A6F1-4525-B1EE-D6FF20643588}.Debug|Any CPU.ActiveCfg = Debug|Any CPU
		{55F24796-A6F1-4525-B1EE-D6FF20643588}.Debug|Any CPU.Build.0 = Debug|Any CPU
		{55F24796-A6F1-4525-B1EE-D6FF20643588}.Release|Any CPU.ActiveCfg = Release|Any CPU
		{55F24796-A6F1-4525-B1EE-D6FF20643588}.Release|Any CPU.Build.0 = Release|Any CPU
		{67537CAA-E524-4AF5-A611-D8E440CBB956}.Debug|Any CPU.ActiveCfg = Debug|Any CPU
		{67537CAA-E524-4AF5-A611-D8E440CBB956}.Debug|Any CPU.Build.0 = Debug|Any CPU
		{67537CAA-E524-4AF5-A611-D8E440CBB956}.Release|Any CPU.ActiveCfg = Release|Any CPU
		{67537CAA-E524-4AF5-A611-D8E440CBB956}.Release|Any CPU.Build.0 = Release|Any CPU
		{C4612C3E-5149-4C60-AF08-07646F664CC8}.Debug|Any CPU.ActiveCfg = Debug|Any CPU
		{C4612C3E-5149-4C60-AF08-07646F664CC8}.Debug|Any CPU.Build.0 = Debug|Any CPU
		{C4612C3E-5149-4C60-AF08-07646F664CC8}.Release|Any CPU.ActiveCfg = Release|Any CPU
		{C4612C3E-5149-4C60-AF08-07646F664CC8}.Release|Any CPU.Build.0 = Release|Any CPU
	EndGlobalSection
	GlobalSection(SolutionProperties) = preSolution
		HideSolutionNode = FALSE
	EndGlobalSection
	GlobalSection(ExtensibilityGlobals) = postSolution
		SolutionGuid = {D02BA328-8668-465F-B051-3CD25553B6FF}
	EndGlobalSection
EndGlobal
